Microsoft Visual Studio Solution File, Format Version 12.00
# Visual Studio Version 17
VisualStudioVersion = 17.5.2.0
MinimumVisualStudioVersion = 10.0.40219.1
Project("{FAE04EC0-301F-11D3-BF4B-00C04F79EFBC}") = "C#Lesson", "C#Lesson.csproj", "{5D741B9E-EB05-FA22-4C05-76BEC4718AED}"
EndProject
Global
	GlobalSection(SolutionConfigurationPlatforms) = preSolution
		Debug|Any CPU = Debug|Any CPU
		Release|Any CPU = Release|Any CPU
	EndGlobalSection
	GlobalSection(ProjectConfigurationPlatforms) = postSolution
		{5D741B9E-EB05-FA22-4C05-76BEC4718AED}.Debug|Any CPU.ActiveCfg = Debug|Any CPU
		{5D741B9E-EB05-FA22-4C05-76BEC4718AED}.Debug|Any CPU.Build.0 = Debug|Any CPU
		{5D741B9E-EB05-FA22-4C05-76BEC4718AED}.Release|Any CPU.ActiveCfg = Release|Any CPU
		{5D741B9E-EB05-FA22-4C05-76BEC4718AED}.Release|Any CPU.Build.0 = Release|Any CPU
	EndGlobalSection
	GlobalSection(SolutionProperties) = preSolution
		HideSolutionNode = FALSE
	EndGlobalSection
	GlobalSection(ExtensibilityGlobals) = postSolution
		SolutionGuid = {F7C1318A-9B66-4F93-8170-8ECAF3095A79}
	EndGlobalSection
EndGlobal
