
Microsoft Visual Studio Solution File, Format Version 12.00
# Visual Studio Version 17
VisualStudioVersion = 17.0.31903.59
MinimumVisualStudioVersion = 10.0.40219.1
Project("{FAE04EC0-301F-11D3-BF4B-00C04F79EFBC}") = "Lesson3", "Lesson3\Lesson3.csproj", "{60325FE9-8FB7-437D-A7E1-DCA25A10D057}"
EndProject
Global
	GlobalSection(SolutionConfigurationPlatforms) = preSolution
		Debug|Any CPU = Debug|Any CPU
		Release|Any CPU = Release|Any CPU
	EndGlobalSection
	GlobalSection(SolutionProperties) = preSolution
		HideSolutionNode = FALSE
	EndGlobalSection
	GlobalSection(ProjectConfigurationPlatforms) = postSolution
		{60325FE9-8FB7-437D-A7E1-DCA25A10D057}.Debug|Any CPU.ActiveCfg = Debug|Any CPU
		{60325FE9-8FB7-437D-A7E1-DCA25A10D057}.Debug|Any CPU.Build.0 = Debug|Any CPU
		{60325FE9-8FB7-437D-A7E1-DCA25A10D057}.Release|Any CPU.ActiveCfg = Release|Any CPU
		{60325FE9-8FB7-437D-A7E1-DCA25A10D057}.Release|Any CPU.Build.0 = Release|Any CPU
	EndGlobalSection
EndGlobal
